{
  "name": "javascripts",
  "version": "1.0.0",
  "lockfileVersion": 1,
  "requires": true,
  "dependencies": {
    "drooltip.js": {
      "version": "1.0.2",
      "resolved": "https://registry.npmjs.org/drooltip.js/-/drooltip.js-1.0.2.tgz",
      "integrity": "sha512-aSmXdzhTXVm9fv8tUCTU+4xZ/25Ye593gxYpJ/tlB4m5pDoyKww07IZ76pD3nbReuxW8v85XbgSkZA25JjqjHQ==",
      "dev": true
    }
  }
}
